// !$*UTF8*$!
{
	archiveVersion = 1;
	classes = {
	};
	objectVersion = 46;
	objects = {

/* Begin PBXBuildFile section */
		A801E9616F29206017823161 /* libPods-TheARM.a in Frameworks */ = {isa = PBXBuildFile; fileRef = 6CB8485955F6839E46F0E69D /* libPods-TheARM.a */; };
		C09CE4B11BE6227A0073D715 /* main.m in Sources */ = {isa = PBXBuildFile; fileRef = C09CE4B01BE6227A0073D715 /* main.m */; };
		C09CE4B41BE6227A0073D715 /* AppDelegate.m in Sources */ = {isa = PBXBuildFile; fileRef = C09CE4B31BE6227A0073D715 /* AppDelegate.m */; };
		C09CE4B71BE6227A0073D715 /* TheARM.xcdatamodeld in Sources */ = {isa = PBXBuildFile; fileRef = C09CE4B51BE6227A0073D715 /* TheARM.xcdatamodeld */; };
		C09CE4C01BE6227A0073D715 /* Main.storyboard in Resources */ = {isa = PBXBuildFile; fileRef = C09CE4BE1BE6227A0073D715 /* Main.storyboard */; };
		C09CE4C21BE6227A0073D715 /* Assets.xcassets in Resources */ = {isa = PBXBuildFile; fileRef = C09CE4C11BE6227A0073D715 /* Assets.xcassets */; };
		C09CE4C51BE6227A0073D715 /* LaunchScreen.storyboard in Resources */ = {isa = PBXBuildFile; fileRef = C09CE4C31BE6227A0073D715 /* LaunchScreen.storyboard */; };
		C09CE4D11BE62A1C0073D715 /* LoginViewController.m in Sources */ = {isa = PBXBuildFile; fileRef = C09CE4D01BE62A1C0073D715 /* LoginViewController.m */; };
/* End PBXBuildFile section */

/* Begin PBXFileReference section */
		1206874DA9EB678E5E3A8538 /* Pods-TheARM.release.xcconfig */ = {isa = PBXFileReference; includeInIndex = 1; lastKnownFileType = text.xcconfig; name = "Pods-TheARM.release.xcconfig"; path = "Pods/Target Support Files/Pods-TheARM/Pods-TheARM.release.xcconfig"; sourceTree = "<group>"; };
		6CB8485955F6839E46F0E69D /* libPods-TheARM.a */ = {isa = PBXFileReference; explicitFileType = archive.ar; includeInIndex = 0; path = "libPods-TheARM.a"; sourceTree = BUILT_PRODUCTS_DIR; };
		9DF56F961E8D7FF9128DCDDF /* Pods-TheARM.debug.xcconfig */ = {isa = PBXFileReference; includeInIndex = 1; lastKnownFileType = text.xcconfig; name = "Pods-TheARM.debug.xcconfig"; path = "Pods/Target Support Files/Pods-TheARM/Pods-TheARM.debug.xcconfig"; sourceTree = "<group>"; };
		C09CE4AC1BE6227A0073D715 /* TheARM.app */ = {isa = PBXFileReference; explicitFileType = wrapper.application; includeInIndex = 0; path = TheARM.app; sourceTree = BUILT_PRODUCTS_DIR; };
		C09CE4B01BE6227A0073D715 /* main.m */ = {isa = PBXFileReference; lastKnownFileType = sourcecode.c.objc; path = main.m; sourceTree = "<group>"; };
		C09CE4B21BE6227A0073D715 /* AppDelegate.h */ = {isa = PBXFileReference; lastKnownFileType = sourcecode.c.h; path = AppDelegate.h; sourceTree = "<group>"; };
		C09CE4B31BE6227A0073D715 /* AppDelegate.m */ = {isa = PBXFileReference; lastKnownFileType = sourcecode.c.objc; path = AppDelegate.m; sourceTree = "<group>"; };
		C09CE4B61BE6227A0073D715 /* TheARM.xcdatamodel */ = {isa = PBXFileReference; lastKnownFileType = wrapper.xcdatamodel; path = TheARM.xcdatamodel; sourceTree = "<group>"; };
		C09CE4BF1BE6227A0073D715 /* Base */ = {isa = PBXFileReference; lastKnownFileType = file.storyboard; name = Base; path = Base.lproj/Main.storyboard; sourceTree = "<group>"; };
		C09CE4C11BE6227A0073D715 /* Assets.xcassets */ = {isa = PBXFileReference; lastKnownFileType = folder.assetcatalog; path = Assets.xcassets; sourceTree = "<group>"; };
		C09CE4C41BE6227A0073D715 /* Base */ = {isa = PBXFileReference; lastKnownFileType = file.storyboard; name = Base; path = Base.lproj/LaunchScreen.storyboard; sourceTree = "<group>"; };
		C09CE4C61BE6227A0073D715 /* Info.plist */ = {isa = PBXFileReference; lastKnownFileType = text.plist.xml; path = Info.plist; sourceTree = "<group>"; };
		C09CE4CF1BE62A1C0073D715 /* LoginViewController.h */ = {isa = PBXFileReference; fileEncoding = 4; lastKnownFileType = sourcecode.c.h; path = LoginViewController.h; sourceTree = "<group>"; };
		C09CE4D01BE62A1C0073D715 /* LoginViewController.m */ = {isa = PBXFileReference; fileEncoding = 4; lastKnownFileType = sourcecode.c.objc; path = LoginViewController.m; sourceTree = "<group>"; };
/* End PBXFileReference section */

/* Begin PBXFrameworksBuildPhase section */
		C09CE4A91BE6227A0073D715 /* Frameworks */ = {
			isa = PBXFrameworksBuildPhase;
			buildActionMask = 2147483647;
			files = (
				A801E9616F29206017823161 /* libPods-TheARM.a in Frameworks */,
			);
			runOnlyForDeploymentPostprocessing = 0;
		};
/* End PBXFrameworksBuildPhase section */

/* Begin PBXGroup section */
		02DDC1736CF7B77B9A1EA54F /* Pods */ = {
			isa = PBXGroup;
			children = (
				9DF56F961E8D7FF9128DCDDF /* Pods-TheARM.debug.xcconfig */,
				1206874DA9EB678E5E3A8538 /* Pods-TheARM.release.xcconfig */,
			);
			name = Pods;
			sourceTree = "<group>";
		};
		ADB36EEA899A6121EA60C731 /* Frameworks */ = {
			isa = PBXGroup;
			children = (
				6CB8485955F6839E46F0E69D /* libPods-TheARM.a */,
			);
			name = Frameworks;
			sourceTree = "<group>";
		};
		C09CE4A31BE622790073D715 = {
			isa = PBXGroup;
			children = (
				C09CE4AE1BE6227A0073D715 /* TheARM */,
				C09CE4AD1BE6227A0073D715 /* Products */,
				02DDC1736CF7B77B9A1EA54F /* Pods */,
				ADB36EEA899A6121EA60C731 /* Frameworks */,
			);
			sourceTree = "<group>";
		};
		C09CE4AD1BE6227A0073D715 /* Products */ = {
			isa = PBXGroup;
			children = (
				C09CE4AC1BE6227A0073D715 /* TheARM.app */,
			);
			name = Products;
			sourceTree = "<group>";
		};
		C09CE4AE1BE6227A0073D715 /* TheARM */ = {
			isa = PBXGroup;
			children = (
				C09CE4B21BE6227A0073D715 /* AppDelegate.h */,
				C09CE4B31BE6227A0073D715 /* AppDelegate.m */,
				C09CE4CF1BE62A1C0073D715 /* LoginViewController.h */,
				C09CE4D01BE62A1C0073D715 /* LoginViewController.m */,
				C09CE4BE1BE6227A0073D715 /* Main.storyboard */,
				C09CE4C11BE6227A0073D715 /* Assets.xcassets */,
				C09CE4C31BE6227A0073D715 /* LaunchScreen.storyboard */,
				C09CE4C61BE6227A0073D715 /* Info.plist */,
				C09CE4B51BE6227A0073D715 /* TheARM.xcdatamodeld */,
				C09CE4AF1BE6227A0073D715 /* Supporting Files */,
			);
			path = TheARM;
			sourceTree = "<group>";
		};
		C09CE4AF1BE6227A0073D715 /* Supporting Files */ = {
			isa = PBXGroup;
			children = (
				C09CE4B01BE6227A0073D715 /* main.m */,
			);
			name = "Supporting Files";
			sourceTree = "<group>";
		};
/* End PBXGroup section */

/* Begin PBXNativeTarget section */
		C09CE4AB1BE6227A0073D715 /* TheARM */ = {
			isa = PBXNativeTarget;
			buildConfigurationList = C09CE4C91BE6227A0073D715 /* Build configuration list for PBXNativeTarget "TheARM" */;
			buildPhases = (
				CBF5B02DEA56746AF5B82977 /* Check Pods Manifest.lock */,
				C09CE4A81BE6227A0073D715 /* Sources */,
				C09CE4A91BE6227A0073D715 /* Frameworks */,
				C09CE4AA1BE6227A0073D715 /* Resources */,
				14DC486CC40D0A59061A9794 /* Embed Pods Frameworks */,
				78B4BEF8EAB9538E0E74DD12 /* Copy Pods Resources */,
			);
			buildRules = (
			);
			dependencies = (
			);
			name = TheARM;
			productName = TheARM;
			productReference = C09CE4AC1BE6227A0073D715 /* TheARM.app */;
			productType = "com.apple.product-type.application";
		};
/* End PBXNativeTarget section */

/* Begin PBXProject section */
		C09CE4A41BE622790073D715 /* Project object */ = {
			isa = PBXProject;
			attributes = {
				LastUpgradeCheck = 0710;
				ORGANIZATIONNAME = Accedia;
				TargetAttributes = {
					C09CE4AB1BE6227A0073D715 = {
						CreatedOnToolsVersion = 7.1;
					};
				};
			};
			buildConfigurationList = C09CE4A71BE622790073D715 /* Build configuration list for PBXProject "TheARM" */;
			compatibilityVersion = "Xcode 3.2";
			developmentRegion = English;
			hasScannedForEncodings = 0;
			knownRegions = (
				en,
				Base,
			);
			mainGroup = C09CE4A31BE622790073D715;
			productRefGroup = C09CE4AD1BE6227A0073D715 /* Products */;
			projectDirPath = "";
			projectRoot = "";
			targets = (
				C09CE4AB1BE6227A0073D715 /* TheARM */,
			);
		};
/* End PBXProject section */

/* Begin PBXResourcesBuildPhase section */
		C09CE4AA1BE6227A0073D715 /* Resources */ = {
			isa = PBXResourcesBuildPhase;
			buildActionMask = 2147483647;
			files = (
				C09CE4C51BE6227A0073D715 /* LaunchScreen.storyboard in Resources */,
				C09CE4C21BE6227A0073D715 /* Assets.xcassets in Resources */,
				C09CE4C01BE6227A0073D715 /* Main.storyboard in Resources */,
			);
			runOnlyForDeploymentPostprocessing = 0;
		};
/* End PBXResourcesBuildPhase section */

/* Begin PBXShellScriptBuildPhase section */
		14DC486CC40D0A59061A9794 /* Embed Pods Frameworks */ = {
			isa = PBXShellScriptBuildPhase;
			buildActionMask = 2147483647;
			files = (
			);
			inputPaths = (
			);
			name = "Embed Pods Frameworks";
			outputPaths = (
			);
			runOnlyForDeploymentPostprocessing = 0;
			shellPath = /bin/sh;
			shellScript = "\"${SRCROOT}/Pods/Target Support Files/Pods-TheARM/Pods-TheARM-frameworks.sh\"\n";
			showEnvVarsInLog = 0;
		};
		78B4BEF8EAB9538E0E74DD12 /* Copy Pods Resources */ = {
			isa = PBXShellScriptBuildPhase;
			buildActionMask = 2147483647;
			files = (
			);
			inputPaths = (
			);
			name = "Copy Pods Resources";
			outputPaths = (
			);
			runOnlyForDeploymentPostprocessing = 0;
			shellPath = /bin/sh;
			shellScript = "\"${SRCROOT}/Pods/Target Support Files/Pods-TheARM/Pods-TheARM-resources.sh\"\n";
			showEnvVarsInLog = 0;
		};
		CBF5B02DEA56746AF5B82977 /* Check Pods Manifest.lock */ = {
			isa = PBXShellScriptBuildPhase;
			buildActionMask = 2147483647;
			files = (
			);
			inputPaths = (
			);
			name = "Check Pods Manifest.lock";
			outputPaths = (
			);
			runOnlyForDeploymentPostprocessing = 0;
			shellPath = /bin/sh;
			shellScript = "diff \"${PODS_ROOT}/../Podfile.lock\" \"${PODS_ROOT}/Manifest.lock\" > /dev/null\nif [[ $? != 0 ]] ; then\n    cat << EOM\nerror: The sandbox is not in sync with the Podfile.lock. Run 'pod install' or update your CocoaPods installation.\nEOM\n    exit 1\nfi\n";
			showEnvVarsInLog = 0;
		};
/* End PBXShellScriptBuildPhase section */

/* Begin PBXSourcesBuildPhase section */
		C09CE4A81BE6227A0073D715 /* Sources */ = {
			isa = PBXSourcesBuildPhase;
			buildActionMask = 2147483647;
			files = (
				C09CE4D11BE62A1C0073D715 /* LoginViewController.m in Sources */,
				C09CE4B41BE6227A0073D715 /* AppDelegate.m in Sources */,
				C09CE4B11BE6227A0073D715 /* main.m in Sources */,
				C09CE4B71BE6227A0073D715 /* TheARM.xcdatamodeld in Sources */,
			);
			runOnlyForDeploymentPostprocessing = 0;
		};
/* End PBXSourcesBuildPhase section */

/* Begin PBXVariantGroup section */
		C09CE4BE1BE6227A0073D715 /* Main.storyboard */ = {
			isa = PBXVariantGroup;
			children = (
				C09CE4BF1BE6227A0073D715 /* Base */,
			);
			name = Main.storyboard;
			sourceTree = "<group>";
		};
		C09CE4C31BE6227A0073D715 /* LaunchScreen.storyboard */ = {
			isa = PBXVariantGroup;
			children = (
				C09CE4C41BE6227A0073D715 /* Base */,
			);
			name = LaunchScreen.storyboard;
			sourceTree = "<group>";
		};
/* End PBXVariantGroup section */

/* Begin XCBuildConfiguration section */
		C09CE4C71BE6227A0073D715 /* Debug */ = {
			isa = XCBuildConfiguration;
			buildSettings = {
				ALWAYS_SEARCH_USER_PATHS = NO;
				CLANG_CXX_LANGUAGE_STANDARD = "gnu++0x";
				CLANG_CXX_LIBRARY = "libc++";
				CLANG_ENABLE_MODULES = YES;
				CLANG_ENABLE_OBJC_ARC = YES;
				CLANG_WARN_BOOL_CONVERSION = YES;
				CLANG_WARN_CONSTANT_CONVERSION = YES;
				CLANG_WARN_DIRECT_OBJC_ISA_USAGE = YES_ERROR;
				CLANG_WARN_EMPTY_BODY = YES;
				CLANG_WARN_ENUM_CONVERSION = YES;
				CLANG_WARN_INT_CONVERSION = YES;
				CLANG_WARN_OBJC_ROOT_CLASS = YES_ERROR;
				CLANG_WARN_UNREACHABLE_CODE = YES;
				CLANG_WARN__DUPLICATE_METHOD_MATCH = YES;
				"CODE_SIGN_IDENTITY[sdk=iphoneos*]" = "iPhone Developer";
				COPY_PHASE_STRIP = NO;
				DEBUG_INFORMATION_FORMAT = dwarf;
				ENABLE_STRICT_OBJC_MSGSEND = YES;
				ENABLE_TESTABILITY = YES;
				GCC_C_LANGUAGE_STANDARD = gnu99;
				GCC_DYNAMIC_NO_PIC = NO;
				GCC_NO_COMMON_BLOCKS = YES;
				GCC_OPTIMIZATION_LEVEL = 0;
				GCC_PREPROCESSOR_DEFINITIONS = (
					"DEBUG=1",
					"$(inherited)",
				);
				GCC_WARN_64_TO_32_BIT_CONVERSION = YES;
				GCC_WARN_ABOUT_RETURN_TYPE = YES_ERROR;
				GCC_WARN_UNDECLARED_SELECTOR = YES;
				GCC_WARN_UNINITIALIZED_AUTOS = YES_AGGRESSIVE;
				GCC_WARN_UNUSED_FUNCTION = YES;
				GCC_WARN_UNUSED_VARIABLE = YES;
				IPHONEOS_DEPLOYMENT_TARGET = 9.1;
				MTL_ENABLE_DEBUG_INFO = YES;
				ONLY_ACTIVE_ARCH = YES;
				SDKROOT = iphoneos;
				TARGETED_DEVICE_FAMILY = "1,2";
			};
			name = Debug;
		};
		C09CE4C81BE6227A0073D715 /* Release */ = {
			isa = XCBuildConfiguration;
			buildSettings = {
				ALWAYS_SEARCH_USER_PATHS = NO;
				CLANG_CXX_LANGUAGE_STANDARD = "gnu++0x";
				CLANG_CXX_LIBRARY = "libc++";
				CLANG_ENABLE_MODULES = YES;
				CLANG_ENABLE_OBJC_ARC = YES;
				CLANG_WARN_BOOL_CONVERSION = YES;
				CLANG_WARN_CONSTANT_CONVERSION = YES;
				CLANG_WARN_DIRECT_OBJC_ISA_USAGE = YES_ERROR;
				CLANG_WARN_EMPTY_BODY = YES;
				CLANG_WARN_ENUM_CONVERSION = YES;
				CLANG_WARN_INT_CONVERSION = YES;
				CLANG_WARN_OBJC_ROOT_CLASS = YES_ERROR;
				CLANG_WARN_UNREACHABLE_CODE = YES;
				CLANG_WARN__DUPLICATE_METHOD_MATCH = YES;
				"CODE_SIGN_IDENTITY[sdk=iphoneos*]" = "iPhone Developer";
				COPY_PHASE_STRIP = NO;
				DEBUG_INFORMATION_FORMAT = "dwarf-with-dsym";
				ENABLE_NS_ASSERTIONS = NO;
				ENABLE_STRICT_OBJC_MSGSEND = YES;
				GCC_C_LANGUAGE_STANDARD = gnu99;
				GCC_NO_COMMON_BLOCKS = YES;
				GCC_WARN_64_TO_32_BIT_CONVERSION = YES;
				GCC_WARN_ABOUT_RETURN_TYPE = YES_ERROR;
				GCC_WARN_UNDECLARED_SELECTOR = YES;
				GCC_WARN_UNINITIALIZED_AUTOS = YES_AGGRESSIVE;
				GCC_WARN_UNUSED_FUNCTION = YES;
				GCC_WARN_UNUSED_VARIABLE = YES;
				IPHONEOS_DEPLOYMENT_TARGET = 9.1;
				MTL_ENABLE_DEBUG_INFO = NO;
				SDKROOT = iphoneos;
				TARGETED_DEVICE_FAMILY = "1,2";
				VALIDATE_PRODUCT = YES;
			};
			name = Release;
		};
		C09CE4CA1BE6227A0073D715 /* Debug */ = {
			isa = XCBuildConfiguration;
			baseConfigurationReference = 9DF56F961E8D7FF9128DCDDF /* Pods-TheARM.debug.xcconfig */;
			buildSettings = {
				ASSETCATALOG_COMPILER_APPICON_NAME = AppIcon;
				INFOPLIST_FILE = TheARM/Info.plist;
				IPHONEOS_DEPLOYMENT_TARGET = 8.0;
				LD_RUNPATH_SEARCH_PATHS = "$(inherited) @executable_path/Frameworks";
				PRODUCT_BUNDLE_IDENTIFIER = com.accedia.TheARM;
				PRODUCT_NAME = "$(TARGET_NAME)";
			};
			name = Debug;
		};
		C09CE4CB1BE6227A0073D715 /* Release */ = {
			isa = XCBuildConfiguration;
			baseConfigurationReference = 1206874DA9EB678E5E3A8538 /* Pods-TheARM.release.xcconfig */;
			buildSettings = {
				ASSETCATALOG_COMPILER_APPICON_NAME = AppIcon;
				INFOPLIST_FILE = TheARM/Info.plist;
				IPHONEOS_DEPLOYMENT_TARGET = 8.0;
				LD_RUNPATH_SEARCH_PATHS = "$(inherited) @executable_path/Frameworks";
				PRODUCT_BUNDLE_IDENTIFIER = com.accedia.TheARM;
				PRODUCT_NAME = "$(TARGET_NAME)";
			};
			name = Release;
		};
/* End XCBuildConfiguration section */

/* Begin XCConfigurationList section */
		C09CE4A71BE622790073D715 /* Build configuration list for PBXProject "TheARM" */ = {
			isa = XCConfigurationList;
			buildConfigurations = (
				C09CE4C71BE6227A0073D715 /* Debug */,
				C09CE4C81BE6227A0073D715 /* Release */,
			);
			defaultConfigurationIsVisible = 0;
			defaultConfigurationName = Release;
		};
		C09CE4C91BE6227A0073D715 /* Build configuration list for PBXNativeTarget "TheARM" */ = {
			isa = XCConfigurationList;
			buildConfigurations = (
				C09CE4CA1BE6227A0073D715 /* Debug */,
				C09CE4CB1BE6227A0073D715 /* Release */,
			);
			defaultConfigurationIsVisible = 0;
			defaultConfigurationName = Release;
		};
/* End XCConfigurationList section */

/* Begin XCVersionGroup section */
		C09CE4B51BE6227A0073D715 /* TheARM.xcdatamodeld */ = {
			isa = XCVersionGroup;
			children = (
				C09CE4B61BE6227A0073D715 /* TheARM.xcdatamodel */,
			);
			currentVersion = C09CE4B61BE6227A0073D715 /* TheARM.xcdatamodel */;
			path = TheARM.xcdatamodeld;
			sourceTree = "<group>";
			versionGroupType = wrapper.xcdatamodel;
		};
/* End XCVersionGroup section */
	};
	rootObject = C09CE4A41BE622790073D715 /* Project object */;
}
