// !$*UTF8*$!
{
	archiveVersion = 1;
	classes = {
	};
	objectVersion = 46;
	objects = {

/* Begin PBXBuildFile section */
		A801E9616F29206017823161 /* libPods-TheARM.a in Frameworks */ = {isa = PBXBuildFile; fileRef = 6CB8485955F6839E46F0E69D /* libPods-TheARM.a */; };
		C09CE4B11BE6227A0073D715 /* main.m in Sources */ = {isa = PBXBuildFile; fileRef = C09CE4B01BE6227A0073D715 /* main.m */; };
		C09CE4B41BE6227A0073D715 /* AppDelegate.m in Sources */ = {isa = PBXBuildFile; fileRef = C09CE4B31BE6227A0073D715 /* AppDelegate.m */; };
		C09CE4B71BE6227A0073D715 /* TheARM.xcdatamodeld in Sources */ = {isa = PBXBuildFile; fileRef = C09CE4B51BE6227A0073D715 /* TheARM.xcdatamodeld */; };
		C09CE4C01BE6227A0073D715 /* Main.storyboard in Resources */ = {isa = PBXBuildFile; fileRef = C09CE4BE1BE6227A0073D715 /* Main.storyboard */; };
		C09CE4C21BE6227A0073D715 /* Assets.xcassets in Resources */ = {isa = PBXBuildFile; fileRef = C09CE4C11BE6227A0073D715 /* Assets.xcassets */; };
		C09CE4C51BE6227A0073D715 /* LaunchScreen.storyboard in Resources */ = {isa = PBXBuildFile; fileRef = C09CE4C31BE6227A0073D715 /* LaunchScreen.storyboard */; };
		C09CE4D11BE62A1C0073D715 /* LoginViewController.m in Sources */ = {isa = PBXBuildFile; fileRef = C09CE4D01BE62A1C0073D715 /* LoginViewController.m */; };
		C09CE4E81BE659360073D715 /* DayViewController.m in Sources */ = {isa = PBXBuildFile; fileRef = C09CE4D91BE659360073D715 /* DayViewController.m */; };
		C09CE4E91BE659360073D715 /* Event.m in Sources */ = {isa = PBXBuildFile; fileRef = C09CE4DB1BE659360073D715 /* Event.m */; };
		C09CE4EB1BE659360073D715 /* EventsTableViewController.m in Sources */ = {isa = PBXBuildFile; fileRef = C09CE4DF1BE659360073D715 /* EventsTableViewController.m */; };
		C09CE4EC1BE659360073D715 /* Resorce.m in Sources */ = {isa = PBXBuildFile; fileRef = C09CE4E11BE659360073D715 /* Resorce.m */; };
		C09CE4ED1BE659360073D715 /* RestManager.m in Sources */ = {isa = PBXBuildFile; fileRef = C09CE4E31BE659360073D715 /* RestManager.m */; };
		C09CE4EE1BE659360073D715 /* Rule.m in Sources */ = {isa = PBXBuildFile; fileRef = C09CE4E51BE659360073D715 /* Rule.m */; };
		C09CE4EF1BE659360073D715 /* User.m in Sources */ = {isa = PBXBuildFile; fileRef = C09CE4E71BE659360073D715 /* User.m */; };
		C09CE4F11BE6596F0073D715 /* QuartzCore.framework in Frameworks */ = {isa = PBXBuildFile; fileRef = C09CE4F01BE6596F0073D715 /* QuartzCore.framework */; };
		C09CE4F31BE659760073D715 /* CoreGraphics.framework in Frameworks */ = {isa = PBXBuildFile; fileRef = C09CE4F21BE659760073D715 /* CoreGraphics.framework */; };
		C09CE4F51BE6597D0073D715 /* Foundation.framework in Frameworks */ = {isa = PBXBuildFile; fileRef = C09CE4F41BE6597D0073D715 /* Foundation.framework */; };
		C09CE4F71BE659860073D715 /* UIKit.framework in Frameworks */ = {isa = PBXBuildFile; fileRef = C09CE4F61BE659860073D715 /* UIKit.framework */; };
		C09CE5171BE659BF0073D715 /* NSDate+TKCategory.m in Sources */ = {isa = PBXBuildFile; fileRef = C09CE4FB1BE659BF0073D715 /* NSDate+TKCategory.m */; };
		C09CE5181BE659BF0073D715 /* TKGlobal.m in Sources */ = {isa = PBXBuildFile; fileRef = C09CE4FD1BE659BF0073D715 /* TKGlobal.m */; };
		C09CE5191BE659BF0073D715 /* TKGradientView.m in Sources */ = {isa = PBXBuildFile; fileRef = C09CE4FF1BE659BF0073D715 /* TKGradientView.m */; };
		C09CE51A1BE659BF0073D715 /* UIColor+TKCategory.m in Sources */ = {isa = PBXBuildFile; fileRef = C09CE5011BE659BF0073D715 /* UIColor+TKCategory.m */; };
		C09CE51B1BE659BF0073D715 /* UIDevice+TKCategory.m in Sources */ = {isa = PBXBuildFile; fileRef = C09CE5031BE659BF0073D715 /* UIDevice+TKCategory.m */; };
		C09CE51C1BE659BF0073D715 /* UIImage+TKCategory.m in Sources */ = {isa = PBXBuildFile; fileRef = C09CE5051BE659BF0073D715 /* UIImage+TKCategory.m */; };
		C09CE51D1BE659BF0073D715 /* UIImageView+TKCategory.m in Sources */ = {isa = PBXBuildFile; fileRef = C09CE5071BE659BF0073D715 /* UIImageView+TKCategory.m */; };
		C09CE51E1BE659BF0073D715 /* UILabel+TKCategory.m in Sources */ = {isa = PBXBuildFile; fileRef = C09CE5091BE659BF0073D715 /* UILabel+TKCategory.m */; };
		C09CE51F1BE659BF0073D715 /* UIScreen+TKCategory.m in Sources */ = {isa = PBXBuildFile; fileRef = C09CE50B1BE659BF0073D715 /* UIScreen+TKCategory.m */; };
		C09CE5201BE659BF0073D715 /* UIView+TKCategory.m in Sources */ = {isa = PBXBuildFile; fileRef = C09CE50D1BE659BF0073D715 /* UIView+TKCategory.m */; };
		C09CE5211BE659BF0073D715 /* TKCalendarDayEventView.m in Sources */ = {isa = PBXBuildFile; fileRef = C09CE5101BE659BF0073D715 /* TKCalendarDayEventView.m */; };
		C09CE5221BE659BF0073D715 /* TKCalendarDayView.m in Sources */ = {isa = PBXBuildFile; fileRef = C09CE5121BE659BF0073D715 /* TKCalendarDayView.m */; };
		C09CE5231BE659BF0073D715 /* TKCalendarDayViewController.m in Sources */ = {isa = PBXBuildFile; fileRef = C09CE5141BE659BF0073D715 /* TKCalendarDayViewController.m */; };
		C09CE5241BE659BF0073D715 /* UIDevice+TKCategory.m in Sources */ = {isa = PBXBuildFile; fileRef = C09CE5161BE659BF0073D715 /* UIDevice+TKCategory.m */; };
		C09CE5271BE65C500073D715 /* EventCellView.m in Sources */ = {isa = PBXBuildFile; fileRef = C09CE5261BE65C500073D715 /* EventCellView.m */; };
		F497D3191BE66E3400B9C820 /* ResourcesTableViewController.m in Sources */ = {isa = PBXBuildFile; fileRef = F497D3181BE66E3400B9C820 /* ResourcesTableViewController.m */; };
		F497D31D1BE672DF00B9C820 /* ResourceViewCell.m in Sources */ = {isa = PBXBuildFile; fileRef = F497D31C1BE672DF00B9C820 /* ResourceViewCell.m */; };
/* End PBXBuildFile section */

/* Begin PBXFileReference section */
		1206874DA9EB678E5E3A8538 /* Pods-TheARM.release.xcconfig */ = {isa = PBXFileReference; includeInIndex = 1; lastKnownFileType = text.xcconfig; name = "Pods-TheARM.release.xcconfig"; path = "Pods/Target Support Files/Pods-TheARM/Pods-TheARM.release.xcconfig"; sourceTree = "<group>"; };
		6CB8485955F6839E46F0E69D /* libPods-TheARM.a */ = {isa = PBXFileReference; explicitFileType = archive.ar; includeInIndex = 0; path = "libPods-TheARM.a"; sourceTree = BUILT_PRODUCTS_DIR; };
		9DF56F961E8D7FF9128DCDDF /* Pods-TheARM.debug.xcconfig */ = {isa = PBXFileReference; includeInIndex = 1; lastKnownFileType = text.xcconfig; name = "Pods-TheARM.debug.xcconfig"; path = "Pods/Target Support Files/Pods-TheARM/Pods-TheARM.debug.xcconfig"; sourceTree = "<group>"; };
		C09CE4AC1BE6227A0073D715 /* TheARM.app */ = {isa = PBXFileReference; explicitFileType = wrapper.application; includeInIndex = 0; path = TheARM.app; sourceTree = BUILT_PRODUCTS_DIR; };
		C09CE4B01BE6227A0073D715 /* main.m */ = {isa = PBXFileReference; lastKnownFileType = sourcecode.c.objc; path = main.m; sourceTree = "<group>"; };
		C09CE4B21BE6227A0073D715 /* AppDelegate.h */ = {isa = PBXFileReference; lastKnownFileType = sourcecode.c.h; path = AppDelegate.h; sourceTree = "<group>"; };
		C09CE4B31BE6227A0073D715 /* AppDelegate.m */ = {isa = PBXFileReference; lastKnownFileType = sourcecode.c.objc; path = AppDelegate.m; sourceTree = "<group>"; };
		C09CE4B61BE6227A0073D715 /* TheARM.xcdatamodel */ = {isa = PBXFileReference; lastKnownFileType = wrapper.xcdatamodel; path = TheARM.xcdatamodel; sourceTree = "<group>"; };
		C09CE4BF1BE6227A0073D715 /* Base */ = {isa = PBXFileReference; lastKnownFileType = file.storyboard; name = Base; path = Base.lproj/Main.storyboard; sourceTree = "<group>"; };
		C09CE4C11BE6227A0073D715 /* Assets.xcassets */ = {isa = PBXFileReference; lastKnownFileType = folder.assetcatalog; path = Assets.xcassets; sourceTree = "<group>"; };
		C09CE4C41BE6227A0073D715 /* Base */ = {isa = PBXFileReference; lastKnownFileType = file.storyboard; name = Base; path = Base.lproj/LaunchScreen.storyboard; sourceTree = "<group>"; };
		C09CE4C61BE6227A0073D715 /* Info.plist */ = {isa = PBXFileReference; lastKnownFileType = text.plist.xml; path = Info.plist; sourceTree = "<group>"; };
		C09CE4CF1BE62A1C0073D715 /* LoginViewController.h */ = {isa = PBXFileReference; fileEncoding = 4; lastKnownFileType = sourcecode.c.h; name = LoginViewController.h; path = ../LoginViewController.h; sourceTree = "<group>"; };
		C09CE4D01BE62A1C0073D715 /* LoginViewController.m */ = {isa = PBXFileReference; fileEncoding = 4; lastKnownFileType = sourcecode.c.objc; name = LoginViewController.m; path = ../LoginViewController.m; sourceTree = "<group>"; };
		C09CE4D81BE659360073D715 /* DayViewController.h */ = {isa = PBXFileReference; fileEncoding = 4; lastKnownFileType = sourcecode.c.h; name = DayViewController.h; path = ../DayViewController.h; sourceTree = "<group>"; };
		C09CE4D91BE659360073D715 /* DayViewController.m */ = {isa = PBXFileReference; fileEncoding = 4; lastKnownFileType = sourcecode.c.objc; name = DayViewController.m; path = ../DayViewController.m; sourceTree = "<group>"; };
		C09CE4DA1BE659360073D715 /* Event.h */ = {isa = PBXFileReference; fileEncoding = 4; lastKnownFileType = sourcecode.c.h; path = Event.h; sourceTree = "<group>"; };
		C09CE4DB1BE659360073D715 /* Event.m */ = {isa = PBXFileReference; fileEncoding = 4; lastKnownFileType = sourcecode.c.objc; path = Event.m; sourceTree = "<group>"; };
		C09CE4DE1BE659360073D715 /* EventsTableViewController.h */ = {isa = PBXFileReference; fileEncoding = 4; lastKnownFileType = sourcecode.c.h; name = EventsTableViewController.h; path = ../EventsTableViewController.h; sourceTree = "<group>"; };
		C09CE4DF1BE659360073D715 /* EventsTableViewController.m */ = {isa = PBXFileReference; fileEncoding = 4; lastKnownFileType = sourcecode.c.objc; name = EventsTableViewController.m; path = ../EventsTableViewController.m; sourceTree = "<group>"; };
		C09CE4E01BE659360073D715 /* Resorce.h */ = {isa = PBXFileReference; fileEncoding = 4; lastKnownFileType = sourcecode.c.h; path = Resorce.h; sourceTree = "<group>"; };
		C09CE4E11BE659360073D715 /* Resorce.m */ = {isa = PBXFileReference; fileEncoding = 4; lastKnownFileType = sourcecode.c.objc; path = Resorce.m; sourceTree = "<group>"; };
		C09CE4E21BE659360073D715 /* RestManager.h */ = {isa = PBXFileReference; fileEncoding = 4; lastKnownFileType = sourcecode.c.h; path = RestManager.h; sourceTree = "<group>"; };
		C09CE4E31BE659360073D715 /* RestManager.m */ = {isa = PBXFileReference; fileEncoding = 4; lastKnownFileType = sourcecode.c.objc; path = RestManager.m; sourceTree = "<group>"; };
		C09CE4E41BE659360073D715 /* Rule.h */ = {isa = PBXFileReference; fileEncoding = 4; lastKnownFileType = sourcecode.c.h; path = Rule.h; sourceTree = "<group>"; };
		C09CE4E51BE659360073D715 /* Rule.m */ = {isa = PBXFileReference; fileEncoding = 4; lastKnownFileType = sourcecode.c.objc; path = Rule.m; sourceTree = "<group>"; };
		C09CE4E61BE659360073D715 /* User.h */ = {isa = PBXFileReference; fileEncoding = 4; lastKnownFileType = sourcecode.c.h; path = User.h; sourceTree = "<group>"; };
		C09CE4E71BE659360073D715 /* User.m */ = {isa = PBXFileReference; fileEncoding = 4; lastKnownFileType = sourcecode.c.objc; path = User.m; sourceTree = "<group>"; };
		C09CE4F01BE6596F0073D715 /* QuartzCore.framework */ = {isa = PBXFileReference; lastKnownFileType = wrapper.framework; name = QuartzCore.framework; path = System/Library/Frameworks/QuartzCore.framework; sourceTree = SDKROOT; };
		C09CE4F21BE659760073D715 /* CoreGraphics.framework */ = {isa = PBXFileReference; lastKnownFileType = wrapper.framework; name = CoreGraphics.framework; path = System/Library/Frameworks/CoreGraphics.framework; sourceTree = SDKROOT; };
		C09CE4F41BE6597D0073D715 /* Foundation.framework */ = {isa = PBXFileReference; lastKnownFileType = wrapper.framework; name = Foundation.framework; path = System/Library/Frameworks/Foundation.framework; sourceTree = SDKROOT; };
		C09CE4F61BE659860073D715 /* UIKit.framework */ = {isa = PBXFileReference; lastKnownFileType = wrapper.framework; name = UIKit.framework; path = System/Library/Frameworks/UIKit.framework; sourceTree = SDKROOT; };
		C09CE4FA1BE659BF0073D715 /* NSDate+TKCategory.h */ = {isa = PBXFileReference; fileEncoding = 4; lastKnownFileType = sourcecode.c.h; path = "NSDate+TKCategory.h"; sourceTree = "<group>"; };
		C09CE4FB1BE659BF0073D715 /* NSDate+TKCategory.m */ = {isa = PBXFileReference; fileEncoding = 4; lastKnownFileType = sourcecode.c.objc; path = "NSDate+TKCategory.m"; sourceTree = "<group>"; };
		C09CE4FC1BE659BF0073D715 /* TKGlobal.h */ = {isa = PBXFileReference; fileEncoding = 4; lastKnownFileType = sourcecode.c.h; path = TKGlobal.h; sourceTree = "<group>"; };
		C09CE4FD1BE659BF0073D715 /* TKGlobal.m */ = {isa = PBXFileReference; fileEncoding = 4; lastKnownFileType = sourcecode.c.objc; path = TKGlobal.m; sourceTree = "<group>"; };
		C09CE4FE1BE659BF0073D715 /* TKGradientView.h */ = {isa = PBXFileReference; fileEncoding = 4; lastKnownFileType = sourcecode.c.h; path = TKGradientView.h; sourceTree = "<group>"; };
		C09CE4FF1BE659BF0073D715 /* TKGradientView.m */ = {isa = PBXFileReference; fileEncoding = 4; lastKnownFileType = sourcecode.c.objc; path = TKGradientView.m; sourceTree = "<group>"; };
		C09CE5001BE659BF0073D715 /* UIColor+TKCategory.h */ = {isa = PBXFileReference; fileEncoding = 4; lastKnownFileType = sourcecode.c.h; path = "UIColor+TKCategory.h"; sourceTree = "<group>"; };
		C09CE5011BE659BF0073D715 /* UIColor+TKCategory.m */ = {isa = PBXFileReference; fileEncoding = 4; lastKnownFileType = sourcecode.c.objc; path = "UIColor+TKCategory.m"; sourceTree = "<group>"; };
		C09CE5021BE659BF0073D715 /* UIDevice+TKCategory.h */ = {isa = PBXFileReference; fileEncoding = 4; lastKnownFileType = sourcecode.c.h; path = "UIDevice+TKCategory.h"; sourceTree = "<group>"; };
		C09CE5031BE659BF0073D715 /* UIDevice+TKCategory.m */ = {isa = PBXFileReference; fileEncoding = 4; lastKnownFileType = sourcecode.c.objc; path = "UIDevice+TKCategory.m"; sourceTree = "<group>"; };
		C09CE5041BE659BF0073D715 /* UIImage+TKCategory.h */ = {isa = PBXFileReference; fileEncoding = 4; lastKnownFileType = sourcecode.c.h; path = "UIImage+TKCategory.h"; sourceTree = "<group>"; };
		C09CE5051BE659BF0073D715 /* UIImage+TKCategory.m */ = {isa = PBXFileReference; fileEncoding = 4; lastKnownFileType = sourcecode.c.objc; path = "UIImage+TKCategory.m"; sourceTree = "<group>"; };
		C09CE5061BE659BF0073D715 /* UIImageView+TKCategory.h */ = {isa = PBXFileReference; fileEncoding = 4; lastKnownFileType = sourcecode.c.h; path = "UIImageView+TKCategory.h"; sourceTree = "<group>"; };
		C09CE5071BE659BF0073D715 /* UIImageView+TKCategory.m */ = {isa = PBXFileReference; fileEncoding = 4; lastKnownFileType = sourcecode.c.objc; path = "UIImageView+TKCategory.m"; sourceTree = "<group>"; };
		C09CE5081BE659BF0073D715 /* UILabel+TKCategory.h */ = {isa = PBXFileReference; fileEncoding = 4; lastKnownFileType = sourcecode.c.h; path = "UILabel+TKCategory.h"; sourceTree = "<group>"; };
		C09CE5091BE659BF0073D715 /* UILabel+TKCategory.m */ = {isa = PBXFileReference; fileEncoding = 4; lastKnownFileType = sourcecode.c.objc; path = "UILabel+TKCategory.m"; sourceTree = "<group>"; };
		C09CE50A1BE659BF0073D715 /* UIScreen+TKCategory.h */ = {isa = PBXFileReference; fileEncoding = 4; lastKnownFileType = sourcecode.c.h; path = "UIScreen+TKCategory.h"; sourceTree = "<group>"; };
		C09CE50B1BE659BF0073D715 /* UIScreen+TKCategory.m */ = {isa = PBXFileReference; fileEncoding = 4; lastKnownFileType = sourcecode.c.objc; path = "UIScreen+TKCategory.m"; sourceTree = "<group>"; };
		C09CE50C1BE659BF0073D715 /* UIView+TKCategory.h */ = {isa = PBXFileReference; fileEncoding = 4; lastKnownFileType = sourcecode.c.h; path = "UIView+TKCategory.h"; sourceTree = "<group>"; };
		C09CE50D1BE659BF0073D715 /* UIView+TKCategory.m */ = {isa = PBXFileReference; fileEncoding = 4; lastKnownFileType = sourcecode.c.objc; path = "UIView+TKCategory.m"; sourceTree = "<group>"; };
		C09CE50F1BE659BF0073D715 /* TKCalendarDayEventView.h */ = {isa = PBXFileReference; fileEncoding = 4; lastKnownFileType = sourcecode.c.h; path = TKCalendarDayEventView.h; sourceTree = "<group>"; };
		C09CE5101BE659BF0073D715 /* TKCalendarDayEventView.m */ = {isa = PBXFileReference; fileEncoding = 4; lastKnownFileType = sourcecode.c.objc; path = TKCalendarDayEventView.m; sourceTree = "<group>"; };
		C09CE5111BE659BF0073D715 /* TKCalendarDayView.h */ = {isa = PBXFileReference; fileEncoding = 4; lastKnownFileType = sourcecode.c.h; path = TKCalendarDayView.h; sourceTree = "<group>"; };
		C09CE5121BE659BF0073D715 /* TKCalendarDayView.m */ = {isa = PBXFileReference; fileEncoding = 4; lastKnownFileType = sourcecode.c.objc; path = TKCalendarDayView.m; sourceTree = "<group>"; };
		C09CE5131BE659BF0073D715 /* TKCalendarDayViewController.h */ = {isa = PBXFileReference; fileEncoding = 4; lastKnownFileType = sourcecode.c.h; path = TKCalendarDayViewController.h; sourceTree = "<group>"; };
		C09CE5141BE659BF0073D715 /* TKCalendarDayViewController.m */ = {isa = PBXFileReference; fileEncoding = 4; lastKnownFileType = sourcecode.c.objc; path = TKCalendarDayViewController.m; sourceTree = "<group>"; };
		C09CE5151BE659BF0073D715 /* UIDevice+TKCategory.h */ = {isa = PBXFileReference; fileEncoding = 4; lastKnownFileType = sourcecode.c.h; path = "UIDevice+TKCategory.h"; sourceTree = "<group>"; };
		C09CE5161BE659BF0073D715 /* UIDevice+TKCategory.m */ = {isa = PBXFileReference; fileEncoding = 4; lastKnownFileType = sourcecode.c.objc; path = "UIDevice+TKCategory.m"; sourceTree = "<group>"; };
		C09CE5251BE65C500073D715 /* EventCellView.h */ = {isa = PBXFileReference; fileEncoding = 4; lastKnownFileType = sourcecode.c.h; path = EventCellView.h; sourceTree = "<group>"; };
		C09CE5261BE65C500073D715 /* EventCellView.m */ = {isa = PBXFileReference; fileEncoding = 4; lastKnownFileType = sourcecode.c.objc; path = EventCellView.m; sourceTree = "<group>"; };
		F497D3171BE66E3400B9C820 /* ResourcesTableViewController.h */ = {isa = PBXFileReference; fileEncoding = 4; lastKnownFileType = sourcecode.c.h; path = ResourcesTableViewController.h; sourceTree = "<group>"; };
		F497D3181BE66E3400B9C820 /* ResourcesTableViewController.m */ = {isa = PBXFileReference; fileEncoding = 4; lastKnownFileType = sourcecode.c.objc; path = ResourcesTableViewController.m; sourceTree = "<group>"; };
		F497D31B1BE672DF00B9C820 /* ResourceViewCell.h */ = {isa = PBXFileReference; fileEncoding = 4; lastKnownFileType = sourcecode.c.h; path = ResourceViewCell.h; sourceTree = "<group>"; };
		F497D31C1BE672DF00B9C820 /* ResourceViewCell.m */ = {isa = PBXFileReference; fileEncoding = 4; lastKnownFileType = sourcecode.c.objc; path = ResourceViewCell.m; sourceTree = "<group>"; };
/* End PBXFileReference section */

/* Begin PBXFrameworksBuildPhase section */
		C09CE4A91BE6227A0073D715 /* Frameworks */ = {
			isa = PBXFrameworksBuildPhase;
			buildActionMask = 2147483647;
			files = (
				C09CE4F71BE659860073D715 /* UIKit.framework in Frameworks */,
				C09CE4F51BE6597D0073D715 /* Foundation.framework in Frameworks */,
				C09CE4F31BE659760073D715 /* CoreGraphics.framework in Frameworks */,
				C09CE4F11BE6596F0073D715 /* QuartzCore.framework in Frameworks */,
				A801E9616F29206017823161 /* libPods-TheARM.a in Frameworks */,
			);
			runOnlyForDeploymentPostprocessing = 0;
		};
/* End PBXFrameworksBuildPhase section */

/* Begin PBXGroup section */
		02DDC1736CF7B77B9A1EA54F /* Pods */ = {
			isa = PBXGroup;
			children = (
				9DF56F961E8D7FF9128DCDDF /* Pods-TheARM.debug.xcconfig */,
				1206874DA9EB678E5E3A8538 /* Pods-TheARM.release.xcconfig */,
			);
			name = Pods;
			sourceTree = "<group>";
		};
		ADB36EEA899A6121EA60C731 /* Frameworks */ = {
			isa = PBXGroup;
			children = (
				C09CE4F61BE659860073D715 /* UIKit.framework */,
				C09CE4F41BE6597D0073D715 /* Foundation.framework */,
				C09CE4F21BE659760073D715 /* CoreGraphics.framework */,
				C09CE4F01BE6596F0073D715 /* QuartzCore.framework */,
				6CB8485955F6839E46F0E69D /* libPods-TheARM.a */,
			);
			name = Frameworks;
			sourceTree = "<group>";
		};
		C09CE4A31BE622790073D715 = {
			isa = PBXGroup;
			children = (
				C09CE4AE1BE6227A0073D715 /* TheARM */,
				C09CE4AD1BE6227A0073D715 /* Products */,
				02DDC1736CF7B77B9A1EA54F /* Pods */,
				ADB36EEA899A6121EA60C731 /* Frameworks */,
			);
			sourceTree = "<group>";
		};
		C09CE4AD1BE6227A0073D715 /* Products */ = {
			isa = PBXGroup;
			children = (
				C09CE4AC1BE6227A0073D715 /* TheARM.app */,
			);
			name = Products;
			sourceTree = "<group>";
		};
		C09CE4AE1BE6227A0073D715 /* TheARM */ = {
			isa = PBXGroup;
			children = (
				F497D31E1BE6820C00B9C820 /* Resources */,
				C09CE4F81BE659BF0073D715 /* Tapku */,
				C09CE5281BF77D7D0073D715 /* Controllers */,
				C09CE4B21BE6227A0073D715 /* AppDelegate.h */,
				C09CE4B31BE6227A0073D715 /* AppDelegate.m */,
				C09CE4E21BE659360073D715 /* RestManager.h */,
				C09CE4E31BE659360073D715 /* RestManager.m */,
				C09CE4D71BE659130073D715 /* Models */,
				C09CE4BE1BE6227A0073D715 /* Main.storyboard */,
				F497D31A1BE6729600B9C820 /* CellViews */,
				C09CE4C11BE6227A0073D715 /* Assets.xcassets */,
				C09CE4C31BE6227A0073D715 /* LaunchScreen.storyboard */,
				C09CE4C61BE6227A0073D715 /* Info.plist */,
				C09CE4B51BE6227A0073D715 /* TheARM.xcdatamodeld */,
				C09CE4AF1BE6227A0073D715 /* Supporting Files */,
			);
			path = TheARM;
			sourceTree = "<group>";
		};
		C09CE4AF1BE6227A0073D715 /* Supporting Files */ = {
			isa = PBXGroup;
			children = (
				C09CE4B01BE6227A0073D715 /* main.m */,
			);
			name = "Supporting Files";
			sourceTree = "<group>";
		};
		C09CE4D71BE659130073D715 /* Models */ = {
			isa = PBXGroup;
			children = (
				C09CE4DA1BE659360073D715 /* Event.h */,
				C09CE4DB1BE659360073D715 /* Event.m */,
				C09CE4E01BE659360073D715 /* Resorce.h */,
				C09CE4E11BE659360073D715 /* Resorce.m */,
				C09CE4E41BE659360073D715 /* Rule.h */,
				C09CE4E51BE659360073D715 /* Rule.m */,
				C09CE4E61BE659360073D715 /* User.h */,
				C09CE4E71BE659360073D715 /* User.m */,
			);
			name = Models;
			sourceTree = "<group>";
		};
		C09CE4F81BE659BF0073D715 /* Tapku */ = {
			isa = PBXGroup;
			children = (
				C09CE4F91BE659BF0073D715 /* Categories */,
				C09CE50E1BE659BF0073D715 /* Day */,
			);
			path = Tapku;
			sourceTree = "<group>";
		};
		C09CE4F91BE659BF0073D715 /* Categories */ = {
			isa = PBXGroup;
			children = (
				C09CE4FA1BE659BF0073D715 /* NSDate+TKCategory.h */,
				C09CE4FB1BE659BF0073D715 /* NSDate+TKCategory.m */,
				C09CE4FC1BE659BF0073D715 /* TKGlobal.h */,
				C09CE4FD1BE659BF0073D715 /* TKGlobal.m */,
				C09CE4FE1BE659BF0073D715 /* TKGradientView.h */,
				C09CE4FF1BE659BF0073D715 /* TKGradientView.m */,
				C09CE5001BE659BF0073D715 /* UIColor+TKCategory.h */,
				C09CE5011BE659BF0073D715 /* UIColor+TKCategory.m */,
				C09CE5021BE659BF0073D715 /* UIDevice+TKCategory.h */,
				C09CE5031BE659BF0073D715 /* UIDevice+TKCategory.m */,
				C09CE5041BE659BF0073D715 /* UIImage+TKCategory.h */,
				C09CE5051BE659BF0073D715 /* UIImage+TKCategory.m */,
				C09CE5061BE659BF0073D715 /* UIImageView+TKCategory.h */,
				C09CE5071BE659BF0073D715 /* UIImageView+TKCategory.m */,
				C09CE5081BE659BF0073D715 /* UILabel+TKCategory.h */,
				C09CE5091BE659BF0073D715 /* UILabel+TKCategory.m */,
				C09CE50A1BE659BF0073D715 /* UIScreen+TKCategory.h */,
				C09CE50B1BE659BF0073D715 /* UIScreen+TKCategory.m */,
				C09CE50C1BE659BF0073D715 /* UIView+TKCategory.h */,
				C09CE50D1BE659BF0073D715 /* UIView+TKCategory.m */,
			);
			path = Categories;
			sourceTree = "<group>";
		};
		C09CE50E1BE659BF0073D715 /* Day */ = {
			isa = PBXGroup;
			children = (
				C09CE50F1BE659BF0073D715 /* TKCalendarDayEventView.h */,
				C09CE5101BE659BF0073D715 /* TKCalendarDayEventView.m */,
				C09CE5111BE659BF0073D715 /* TKCalendarDayView.h */,
				C09CE5121BE659BF0073D715 /* TKCalendarDayView.m */,
				C09CE5131BE659BF0073D715 /* TKCalendarDayViewController.h */,
				C09CE5141BE659BF0073D715 /* TKCalendarDayViewController.m */,
				C09CE5151BE659BF0073D715 /* UIDevice+TKCategory.h */,
				C09CE5161BE659BF0073D715 /* UIDevice+TKCategory.m */,
			);
			path = Day;
			sourceTree = "<group>";
		};
		C09CE5281BF77D7D0073D715 /* Controllers */ = {
			isa = PBXGroup;
			children = (
				C09CE4CF1BE62A1C0073D715 /* LoginViewController.h */,
				C09CE4D01BE62A1C0073D715 /* LoginViewController.m */,
				C09CE4D81BE659360073D715 /* DayViewController.h */,
				C09CE4D91BE659360073D715 /* DayViewController.m */,
				C09CE4DE1BE659360073D715 /* EventsTableViewController.h */,
				C09CE4DF1BE659360073D715 /* EventsTableViewController.m */,
				F497D3171BE66E3400B9C820 /* ResourcesTableViewController.h */,
				F497D3181BE66E3400B9C820 /* ResourcesTableViewController.m */,
			);
			name = Controllers;
			path = Tapku;
			sourceTree = "<group>";
		};
		F497D31A1BE6729600B9C820 /* CellViews */ = {
			isa = PBXGroup;
			children = (
				C09CE5251BE65C500073D715 /* EventCellView.h */,
				C09CE5261BE65C500073D715 /* EventCellView.m */,
				F497D31B1BE672DF00B9C820 /* ResourceViewCell.h */,
				F497D31C1BE672DF00B9C820 /* ResourceViewCell.m */,
			);
			name = CellViews;
			sourceTree = "<group>";
		};
		F497D31E1BE6820C00B9C820 /* Resources */ = {
			isa = PBXGroup;
			children = (
			);
			name = Resources;
			sourceTree = "<group>";
		};
/* End PBXGroup section */

/* Begin PBXNativeTarget section */
		C09CE4AB1BE6227A0073D715 /* TheARM */ = {
			isa = PBXNativeTarget;
			buildConfigurationList = C09CE4C91BE6227A0073D715 /* Build configuration list for PBXNativeTarget "TheARM" */;
			buildPhases = (
				CBF5B02DEA56746AF5B82977 /* Check Pods Manifest.lock */,
				C09CE4A81BE6227A0073D715 /* Sources */,
				C09CE4A91BE6227A0073D715 /* Frameworks */,
				C09CE4AA1BE6227A0073D715 /* Resources */,
				14DC486CC40D0A59061A9794 /* Embed Pods Frameworks */,
				78B4BEF8EAB9538E0E74DD12 /* Copy Pods Resources */,
			);
			buildRules = (
			);
			dependencies = (
			);
			name = TheARM;
			productName = TheARM;
			productReference = C09CE4AC1BE6227A0073D715 /* TheARM.app */;
			productType = "com.apple.product-type.application";
		};
/* End PBXNativeTarget section */

/* Begin PBXProject section */
		C09CE4A41BE622790073D715 /* Project object */ = {
			isa = PBXProject;
			attributes = {
				LastUpgradeCheck = 0710;
				ORGANIZATIONNAME = Accedia;
				TargetAttributes = {
					C09CE4AB1BE6227A0073D715 = {
						CreatedOnToolsVersion = 7.1;
					};
				};
			};
			buildConfigurationList = C09CE4A71BE622790073D715 /* Build configuration list for PBXProject "TheARM" */;
			compatibilityVersion = "Xcode 3.2";
			developmentRegion = English;
			hasScannedForEncodings = 0;
			knownRegions = (
				en,
				Base,
			);
			mainGroup = C09CE4A31BE622790073D715;
			productRefGroup = C09CE4AD1BE6227A0073D715 /* Products */;
			projectDirPath = "";
			projectRoot = "";
			targets = (
				C09CE4AB1BE6227A0073D715 /* TheARM */,
			);
		};
/* End PBXProject section */

/* Begin PBXResourcesBuildPhase section */
		C09CE4AA1BE6227A0073D715 /* Resources */ = {
			isa = PBXResourcesBuildPhase;
			buildActionMask = 2147483647;
			files = (
				C09CE4C51BE6227A0073D715 /* LaunchScreen.storyboard in Resources */,
				C09CE4C21BE6227A0073D715 /* Assets.xcassets in Resources */,
				C09CE4C01BE6227A0073D715 /* Main.storyboard in Resources */,
			);
			runOnlyForDeploymentPostprocessing = 0;
		};
/* End PBXResourcesBuildPhase section */

/* Begin PBXShellScriptBuildPhase section */
		14DC486CC40D0A59061A9794 /* Embed Pods Frameworks */ = {
			isa = PBXShellScriptBuildPhase;
			buildActionMask = 2147483647;
			files = (
			);
			inputPaths = (
			);
			name = "Embed Pods Frameworks";
			outputPaths = (
			);
			runOnlyForDeploymentPostprocessing = 0;
			shellPath = /bin/sh;
			shellScript = "\"${SRCROOT}/Pods/Target Support Files/Pods-TheARM/Pods-TheARM-frameworks.sh\"\n";
			showEnvVarsInLog = 0;
		};
		78B4BEF8EAB9538E0E74DD12 /* Copy Pods Resources */ = {
			isa = PBXShellScriptBuildPhase;
			buildActionMask = 2147483647;
			files = (
			);
			inputPaths = (
			);
			name = "Copy Pods Resources";
			outputPaths = (
			);
			runOnlyForDeploymentPostprocessing = 0;
			shellPath = /bin/sh;
			shellScript = "\"${SRCROOT}/Pods/Target Support Files/Pods-TheARM/Pods-TheARM-resources.sh\"\n";
			showEnvVarsInLog = 0;
		};
		CBF5B02DEA56746AF5B82977 /* Check Pods Manifest.lock */ = {
			isa = PBXShellScriptBuildPhase;
			buildActionMask = 2147483647;
			files = (
			);
			inputPaths = (
			);
			name = "Check Pods Manifest.lock";
			outputPaths = (
			);
			runOnlyForDeploymentPostprocessing = 0;
			shellPath = /bin/sh;
			shellScript = "diff \"${PODS_ROOT}/../Podfile.lock\" \"${PODS_ROOT}/Manifest.lock\" > /dev/null\nif [[ $? != 0 ]] ; then\n    cat << EOM\nerror: The sandbox is not in sync with the Podfile.lock. Run 'pod install' or update your CocoaPods installation.\nEOM\n    exit 1\nfi\n";
			showEnvVarsInLog = 0;
		};
/* End PBXShellScriptBuildPhase section */

/* Begin PBXSourcesBuildPhase section */
		C09CE4A81BE6227A0073D715 /* Sources */ = {
			isa = PBXSourcesBuildPhase;
			buildActionMask = 2147483647;
			files = (
				F497D31D1BE672DF00B9C820 /* ResourceViewCell.m in Sources */,
				C09CE51C1BE659BF0073D715 /* UIImage+TKCategory.m in Sources */,
				C09CE51A1BE659BF0073D715 /* UIColor+TKCategory.m in Sources */,
				C09CE4E91BE659360073D715 /* Event.m in Sources */,
				C09CE5171BE659BF0073D715 /* NSDate+TKCategory.m in Sources */,
				C09CE4ED1BE659360073D715 /* RestManager.m in Sources */,
				C09CE5191BE659BF0073D715 /* TKGradientView.m in Sources */,
				C09CE4D11BE62A1C0073D715 /* LoginViewController.m in Sources */,
				C09CE5221BE659BF0073D715 /* TKCalendarDayView.m in Sources */,
				C09CE51B1BE659BF0073D715 /* UIDevice+TKCategory.m in Sources */,
				C09CE5271BE65C500073D715 /* EventCellView.m in Sources */,
				F497D3191BE66E3400B9C820 /* ResourcesTableViewController.m in Sources */,
				C09CE4EB1BE659360073D715 /* EventsTableViewController.m in Sources */,
				C09CE51E1BE659BF0073D715 /* UILabel+TKCategory.m in Sources */,
				C09CE4B41BE6227A0073D715 /* AppDelegate.m in Sources */,
				C09CE5201BE659BF0073D715 /* UIView+TKCategory.m in Sources */,
				C09CE4EE1BE659360073D715 /* Rule.m in Sources */,
				C09CE4B11BE6227A0073D715 /* main.m in Sources */,
				C09CE4EF1BE659360073D715 /* User.m in Sources */,
				C09CE51F1BE659BF0073D715 /* UIScreen+TKCategory.m in Sources */,
				C09CE4B71BE6227A0073D715 /* TheARM.xcdatamodeld in Sources */,
				C09CE5241BE659BF0073D715 /* UIDevice+TKCategory.m in Sources */,
				C09CE4E81BE659360073D715 /* DayViewController.m in Sources */,
				C09CE4EC1BE659360073D715 /* Resorce.m in Sources */,
				C09CE5211BE659BF0073D715 /* TKCalendarDayEventView.m in Sources */,
				C09CE5181BE659BF0073D715 /* TKGlobal.m in Sources */,
				C09CE5231BE659BF0073D715 /* TKCalendarDayViewController.m in Sources */,
				C09CE51D1BE659BF0073D715 /* UIImageView+TKCategory.m in Sources */,
			);
			runOnlyForDeploymentPostprocessing = 0;
		};
/* End PBXSourcesBuildPhase section */

/* Begin PBXVariantGroup section */
		C09CE4BE1BE6227A0073D715 /* Main.storyboard */ = {
			isa = PBXVariantGroup;
			children = (
				C09CE4BF1BE6227A0073D715 /* Base */,
			);
			name = Main.storyboard;
			sourceTree = "<group>";
		};
		C09CE4C31BE6227A0073D715 /* LaunchScreen.storyboard */ = {
			isa = PBXVariantGroup;
			children = (
				C09CE4C41BE6227A0073D715 /* Base */,
			);
			name = LaunchScreen.storyboard;
			sourceTree = "<group>";
		};
/* End PBXVariantGroup section */

/* Begin XCBuildConfiguration section */
		C09CE4C71BE6227A0073D715 /* Debug */ = {
			isa = XCBuildConfiguration;
			buildSettings = {
				ALWAYS_SEARCH_USER_PATHS = NO;
				CLANG_CXX_LANGUAGE_STANDARD = "gnu++0x";
				CLANG_CXX_LIBRARY = "libc++";
				CLANG_ENABLE_MODULES = YES;
				CLANG_ENABLE_OBJC_ARC = YES;
				CLANG_WARN_BOOL_CONVERSION = YES;
				CLANG_WARN_CONSTANT_CONVERSION = YES;
				CLANG_WARN_DIRECT_OBJC_ISA_USAGE = YES_ERROR;
				CLANG_WARN_EMPTY_BODY = YES;
				CLANG_WARN_ENUM_CONVERSION = YES;
				CLANG_WARN_INT_CONVERSION = YES;
				CLANG_WARN_OBJC_ROOT_CLASS = YES_ERROR;
				CLANG_WARN_UNREACHABLE_CODE = YES;
				CLANG_WARN__DUPLICATE_METHOD_MATCH = YES;
				"CODE_SIGN_IDENTITY[sdk=iphoneos*]" = "iPhone Developer";
				COPY_PHASE_STRIP = NO;
				DEBUG_INFORMATION_FORMAT = dwarf;
				ENABLE_STRICT_OBJC_MSGSEND = YES;
				ENABLE_TESTABILITY = YES;
				GCC_C_LANGUAGE_STANDARD = gnu99;
				GCC_DYNAMIC_NO_PIC = NO;
				GCC_NO_COMMON_BLOCKS = YES;
				GCC_OPTIMIZATION_LEVEL = 0;
				GCC_PREPROCESSOR_DEFINITIONS = (
					"DEBUG=1",
					"$(inherited)",
				);
				GCC_WARN_64_TO_32_BIT_CONVERSION = YES;
				GCC_WARN_ABOUT_RETURN_TYPE = YES_ERROR;
				GCC_WARN_UNDECLARED_SELECTOR = YES;
				GCC_WARN_UNINITIALIZED_AUTOS = YES_AGGRESSIVE;
				GCC_WARN_UNUSED_FUNCTION = YES;
				GCC_WARN_UNUSED_VARIABLE = YES;
				IPHONEOS_DEPLOYMENT_TARGET = 9.1;
				MTL_ENABLE_DEBUG_INFO = YES;
				ONLY_ACTIVE_ARCH = YES;
				OTHER_LDFLAGS = (
					"$(inherited)",
					"-ObjC",
					"-l\"AFNetworking\"",
					"-framework",
					"\"CoreGraphics\"",
					"-framework",
					"\"MobileCoreServices\"",
					"-framework",
					"\"Security\"",
					"-framework",
					"\"SystemConfiguration\"",
					"-all_load",
				);
				SDKROOT = iphoneos;
				TARGETED_DEVICE_FAMILY = "1,2";
			};
			name = Debug;
		};
		C09CE4C81BE6227A0073D715 /* Release */ = {
			isa = XCBuildConfiguration;
			buildSettings = {
				ALWAYS_SEARCH_USER_PATHS = NO;
				CLANG_CXX_LANGUAGE_STANDARD = "gnu++0x";
				CLANG_CXX_LIBRARY = "libc++";
				CLANG_ENABLE_MODULES = YES;
				CLANG_ENABLE_OBJC_ARC = YES;
				CLANG_WARN_BOOL_CONVERSION = YES;
				CLANG_WARN_CONSTANT_CONVERSION = YES;
				CLANG_WARN_DIRECT_OBJC_ISA_USAGE = YES_ERROR;
				CLANG_WARN_EMPTY_BODY = YES;
				CLANG_WARN_ENUM_CONVERSION = YES;
				CLANG_WARN_INT_CONVERSION = YES;
				CLANG_WARN_OBJC_ROOT_CLASS = YES_ERROR;
				CLANG_WARN_UNREACHABLE_CODE = YES;
				CLANG_WARN__DUPLICATE_METHOD_MATCH = YES;
				"CODE_SIGN_IDENTITY[sdk=iphoneos*]" = "iPhone Developer";
				COPY_PHASE_STRIP = NO;
				DEBUG_INFORMATION_FORMAT = "dwarf-with-dsym";
				ENABLE_NS_ASSERTIONS = NO;
				ENABLE_STRICT_OBJC_MSGSEND = YES;
				GCC_C_LANGUAGE_STANDARD = gnu99;
				GCC_NO_COMMON_BLOCKS = YES;
				GCC_WARN_64_TO_32_BIT_CONVERSION = YES;
				GCC_WARN_ABOUT_RETURN_TYPE = YES_ERROR;
				GCC_WARN_UNDECLARED_SELECTOR = YES;
				GCC_WARN_UNINITIALIZED_AUTOS = YES_AGGRESSIVE;
				GCC_WARN_UNUSED_FUNCTION = YES;
				GCC_WARN_UNUSED_VARIABLE = YES;
				IPHONEOS_DEPLOYMENT_TARGET = 9.1;
				MTL_ENABLE_DEBUG_INFO = NO;
				OTHER_LDFLAGS = (
					"$(inherited)",
					"-ObjC",
					"-l\"AFNetworking\"",
					"-framework",
					"\"CoreGraphics\"",
					"-framework",
					"\"MobileCoreServices\"",
					"-framework",
					"\"Security\"",
					"-framework",
					"\"SystemConfiguration\"",
					"-all_load",
				);
				SDKROOT = iphoneos;
				TARGETED_DEVICE_FAMILY = "1,2";
				VALIDATE_PRODUCT = YES;
			};
			name = Release;
		};
		C09CE4CA1BE6227A0073D715 /* Debug */ = {
			isa = XCBuildConfiguration;
			baseConfigurationReference = 9DF56F961E8D7FF9128DCDDF /* Pods-TheARM.debug.xcconfig */;
			buildSettings = {
				ASSETCATALOG_COMPILER_APPICON_NAME = AppIcon;
				INFOPLIST_FILE = TheARM/Info.plist;
				IPHONEOS_DEPLOYMENT_TARGET = 8.0;
				LD_RUNPATH_SEARCH_PATHS = "$(inherited) @executable_path/Frameworks";
				OTHER_LDFLAGS = (
					"$(inherited)",
					"-ObjC",
					"-l\"AFNetworking\"",
					"-framework",
					"\"CoreGraphics\"",
					"-framework",
					"\"MobileCoreServices\"",
					"-framework",
					"\"Security\"",
					"-framework",
					"\"SystemConfiguration\"",
					"-all_load",
				);
				"OTHER_LDFLAGS[arch=*]" = (
					"$(inherited)",
					"-ObjC",
					"-l\"AFNetworking\"",
					"-framework",
					"\"CoreGraphics\"",
					"-framework",
					"\"MobileCoreServices\"",
					"-framework",
					"\"Security\"",
					"-framework",
					"\"SystemConfiguration\"",
					"-all_load",
				);
				PRODUCT_BUNDLE_IDENTIFIER = com.accedia.TheARM;
				PRODUCT_NAME = "$(TARGET_NAME)";
			};
			name = Debug;
		};
		C09CE4CB1BE6227A0073D715 /* Release */ = {
			isa = XCBuildConfiguration;
			baseConfigurationReference = 1206874DA9EB678E5E3A8538 /* Pods-TheARM.release.xcconfig */;
			buildSettings = {
				ASSETCATALOG_COMPILER_APPICON_NAME = AppIcon;
				INFOPLIST_FILE = TheARM/Info.plist;
				IPHONEOS_DEPLOYMENT_TARGET = 8.0;
				LD_RUNPATH_SEARCH_PATHS = "$(inherited) @executable_path/Frameworks";
				OTHER_LDFLAGS = (
					"$(inherited)",
					"-ObjC",
					"-l\"AFNetworking\"",
					"-framework",
					"\"CoreGraphics\"",
					"-framework",
					"\"MobileCoreServices\"",
					"-framework",
					"\"Security\"",
					"-framework",
					"\"SystemConfiguration\"",
					"-all_load",
				);
				"OTHER_LDFLAGS[arch=*]" = (
					"$(inherited)",
					"-ObjC",
					"-l\"AFNetworking\"",
					"-framework",
					"\"CoreGraphics\"",
					"-framework",
					"\"MobileCoreServices\"",
					"-framework",
					"\"Security\"",
					"-framework",
					"\"SystemConfiguration\"",
					"-all_load",
				);
				PRODUCT_BUNDLE_IDENTIFIER = com.accedia.TheARM;
				PRODUCT_NAME = "$(TARGET_NAME)";
			};
			name = Release;
		};
/* End XCBuildConfiguration section */

/* Begin XCConfigurationList section */
		C09CE4A71BE622790073D715 /* Build configuration list for PBXProject "TheARM" */ = {
			isa = XCConfigurationList;
			buildConfigurations = (
				C09CE4C71BE6227A0073D715 /* Debug */,
				C09CE4C81BE6227A0073D715 /* Release */,
			);
			defaultConfigurationIsVisible = 0;
			defaultConfigurationName = Release;
		};
		C09CE4C91BE6227A0073D715 /* Build configuration list for PBXNativeTarget "TheARM" */ = {
			isa = XCConfigurationList;
			buildConfigurations = (
				C09CE4CA1BE6227A0073D715 /* Debug */,
				C09CE4CB1BE6227A0073D715 /* Release */,
			);
			defaultConfigurationIsVisible = 0;
			defaultConfigurationName = Release;
		};
/* End XCConfigurationList section */

/* Begin XCVersionGroup section */
		C09CE4B51BE6227A0073D715 /* TheARM.xcdatamodeld */ = {
			isa = XCVersionGroup;
			children = (
				C09CE4B61BE6227A0073D715 /* TheARM.xcdatamodel */,
			);
			currentVersion = C09CE4B61BE6227A0073D715 /* TheARM.xcdatamodel */;
			path = TheARM.xcdatamodeld;
			sourceTree = "<group>";
			versionGroupType = wrapper.xcdatamodel;
		};
/* End XCVersionGroup section */
	};
	rootObject = C09CE4A41BE622790073D715 /* Project object */;
}
